// !$*UTF8*$!
{
	archiveVersion = 1;
	classes = {
	};
	objectVersion = 46;
	objects = {

/* Begin PBXBuildFile section */
		37CB8BD31BEB85A6001D0220 /* main.m in Sources */ = {isa = PBXBuildFile; fileRef = 37CB8BD21BEB85A6001D0220 /* main.m */; };
		37CB8BDB1BEB85F3001D0220 /* AddBook.m in Sources */ = {isa = PBXBuildFile; fileRef = 37CB8BDA1BEB85F3001D0220 /* AddBook.m */; };
		37CB8BE11BEB8BA8001D0220 /* Friend.m in Sources */ = {isa = PBXBuildFile; fileRef = 37CB8BE01BEB8BA8001D0220 /* Friend.m */; };
/* End PBXBuildFile section */

/* Begin PBXCopyFilesBuildPhase section */
		37CB8BCD1BEB85A6001D0220 /* CopyFiles */ = {
			isa = PBXCopyFilesBuildPhase;
			buildActionMask = 2147483647;
			dstPath = /usr/share/man/man1/;
			dstSubfolderSpec = 0;
			files = (
			);
			runOnlyForDeploymentPostprocessing = 1;
		};
/* End PBXCopyFilesBuildPhase section */

/* Begin PBXFileReference section */
		37CB8BCF1BEB85A6001D0220 /* 我的通讯录 */ = {isa = PBXFileReference; explicitFileType = "compiled.mach-o.executable"; includeInIndex = 0; path = "我的通讯录"; sourceTree = BUILT_PRODUCTS_DIR; };
		37CB8BD21BEB85A6001D0220 /* main.m */ = {isa = PBXFileReference; lastKnownFileType = sourcecode.c.objc; path = main.m; sourceTree = "<group>"; };
		37CB8BD91BEB85F3001D0220 /* AddBook.h */ = {isa = PBXFileReference; fileEncoding = 4; lastKnownFileType = sourcecode.c.h; path = AddBook.h; sourceTree = "<group>"; };
		37CB8BDA1BEB85F3001D0220 /* AddBook.m */ = {isa = PBXFileReference; fileEncoding = 4; lastKnownFileType = sourcecode.c.objc; path = AddBook.m; sourceTree = "<group>"; };
		37CB8BDF1BEB8BA8001D0220 /* Friend.h */ = {isa = PBXFileReference; fileEncoding = 4; lastKnownFileType = sourcecode.c.h; path = Friend.h; sourceTree = "<group>"; };
		37CB8BE01BEB8BA8001D0220 /* Friend.m */ = {isa = PBXFileReference; fileEncoding = 4; lastKnownFileType = sourcecode.c.objc; path = Friend.m; sourceTree = "<group>"; };
/* End PBXFileReference section */

/* Begin PBXFrameworksBuildPhase section */
		37CB8BCC1BEB85A6001D0220 /* Frameworks */ = {
			isa = PBXFrameworksBuildPhase;
			buildActionMask = 2147483647;
			files = (
			);
			runOnlyForDeploymentPostprocessing = 0;
		};
/* End PBXFrameworksBuildPhase section */

/* Begin PBXGroup section */
		37CB8BC61BEB85A6001D0220 = {
			isa = PBXGroup;
			children = (
				37CB8BDF1BEB8BA8001D0220 /* Friend.h */,
				37CB8BE01BEB8BA8001D0220 /* Friend.m */,
				37CB8BD91BEB85F3001D0220 /* AddBook.h */,
				37CB8BDA1BEB85F3001D0220 /* AddBook.m */,
				37CB8BD11BEB85A6001D0220 /* 我的通讯录 */,
				37CB8BD01BEB85A6001D0220 /* Products */,
			);
			sourceTree = "<group>";
		};
		37CB8BD01BEB85A6001D0220 /* Products */ = {
			isa = PBXGroup;
			children = (
				37CB8BCF1BEB85A6001D0220 /* 我的通讯录 */,
			);
			name = Products;
			sourceTree = "<group>";
		};
		37CB8BD11BEB85A6001D0220 /* 我的通讯录 */ = {
			isa = PBXGroup;
			children = (
				37CB8BD21BEB85A6001D0220 /* main.m */,
			);
			path = "我的通讯录";
			sourceTree = "<group>";
		};
/* End PBXGroup section */

/* Begin PBXNativeTarget section */
		37CB8BCE1BEB85A6001D0220 /* 我的通讯录 */ = {
			isa = PBXNativeTarget;
			buildConfigurationList = 37CB8BD61BEB85A6001D0220 /* Build configuration list for PBXNativeTarget "我的通讯录" */;
			buildPhases = (
				37CB8BCB1BEB85A6001D0220 /* Sources */,
				37CB8BCC1BEB85A6001D0220 /* Frameworks */,
				37CB8BCD1BEB85A6001D0220 /* CopyFiles */,
			);
			buildRules = (
			);
			dependencies = (
			);
			name = "我的通讯录";
			productName = "我的通讯录";
			productReference = 37CB8BCF1BEB85A6001D0220 /* 我的通讯录 */;
			productType = "com.apple.product-type.tool";
		};
/* End PBXNativeTarget section */

/* Begin PBXProject section */
		37CB8BC71BEB85A6001D0220 /* Project object */ = {
			isa = PBXProject;
			attributes = {
				LastUpgradeCheck = 0600;
				ORGANIZATIONNAME = JackQin;
				TargetAttributes = {
					37CB8BCE1BEB85A6001D0220 = {
						CreatedOnToolsVersion = 6.0.1;
					};
				};
			};
			buildConfigurationList = 37CB8BCA1BEB85A6001D0220 /* Build configuration list for PBXProject "我的通讯录" */;
			compatibilityVersion = "Xcode 3.2";
			developmentRegion = English;
			hasScannedForEncodings = 0;
			knownRegions = (
				en,
			);
			mainGroup = 37CB8BC61BEB85A6001D0220;
			productRefGroup = 37CB8BD01BEB85A6001D0220 /* Products */;
			projectDirPath = "";
			projectRoot = "";
			targets = (
				37CB8BCE1BEB85A6001D0220 /* 我的通讯录 */,
			);
		};
/* End PBXProject section */

/* Begin PBXSourcesBuildPhase section */
		37CB8BCB1BEB85A6001D0220 /* Sources */ = {
			isa = PBXSourcesBuildPhase;
			buildActionMask = 2147483647;
			files = (
				37CB8BE11BEB8BA8001D0220 /* Friend.m in Sources */,
				37CB8BDB1BEB85F3001D0220 /* AddBook.m in Sources */,
				37CB8BD31BEB85A6001D0220 /* main.m in Sources */,
			);
			runOnlyForDeploymentPostprocessing = 0;
		};
/* End PBXSourcesBuildPhase section */

/* Begin XCBuildConfiguration section */
		37CB8BD41BEB85A6001D0220 /* Debug */ = {
			isa = XCBuildConfiguration;
			buildSettings = {
				ALWAYS_SEARCH_USER_PATHS = NO;
				CLANG_CXX_LANGUAGE_STANDARD = "gnu++0x";
				CLANG_CXX_LIBRARY = "libc++";
				CLANG_ENABLE_MODULES = YES;
				CLANG_ENABLE_OBJC_ARC = YES;
				CLANG_WARN_BOOL_CONVERSION = YES;
				CLANG_WARN_CONSTANT_CONVERSION = YES;
				CLANG_WARN_DIRECT_OBJC_ISA_USAGE = YES_ERROR;
				CLANG_WARN_EMPTY_BODY = YES;
				CLANG_WARN_ENUM_CONVERSION = YES;
				CLANG_WARN_INT_CONVERSION = YES;
				CLANG_WARN_OBJC_ROOT_CLASS = YES_ERROR;
				CLANG_WARN_UNREACHABLE_CODE = YES;
				CLANG_WARN__DUPLICATE_METHOD_MATCH = YES;
				COPY_PHASE_STRIP = NO;
				ENABLE_STRICT_OBJC_MSGSEND = YES;
				GCC_C_LANGUAGE_STANDARD = gnu99;
				GCC_DYNAMIC_NO_PIC = NO;
				GCC_OPTIMIZATION_LEVEL = 0;
				GCC_PREPROCESSOR_DEFINITIONS = (
					"DEBUG=1",
					"$(inherited)",
				);
				GCC_SYMBOLS_PRIVATE_EXTERN = NO;
				GCC_WARN_64_TO_32_BIT_CONVERSION = YES;
				GCC_WARN_ABOUT_RETURN_TYPE = YES_ERROR;
				GCC_WARN_UNDECLARED_SELECTOR = YES;
				GCC_WARN_UNINITIALIZED_AUTOS = YES_AGGRESSIVE;
				GCC_WARN_UNUSED_FUNCTION = YES;
				GCC_WARN_UNUSED_VARIABLE = YES;
				MACOSX_DEPLOYMENT_TARGET = 10.9;
				MTL_ENABLE_DEBUG_INFO = YES;
				ONLY_ACTIVE_ARCH = YES;
				SDKROOT = macosx;
			};
			name = Debug;
		};
		37CB8BD51BEB85A6001D0220 /* Release */ = {
			isa = XCBuildConfiguration;
			buildSettings = {
				ALWAYS_SEARCH_USER_PATHS = NO;
				CLANG_CXX_LANGUAGE_STANDARD = "gnu++0x";
				CLANG_CXX_LIBRARY = "libc++";
				CLANG_ENABLE_MODULES = YES;
				CLANG_ENABLE_OBJC_ARC = YES;
				CLANG_WARN_BOOL_CONVERSION = YES;
				CLANG_WARN_CONSTANT_CONVERSION = YES;
				CLANG_WARN_DIRECT_OBJC_ISA_USAGE = YES_ERROR;
				CLANG_WARN_EMPTY_BODY = YES;
				CLANG_WARN_ENUM_CONVERSION = YES;
				CLANG_WARN_INT_CONVERSION = YES;
				CLANG_WARN_OBJC_ROOT_CLASS = YES_ERROR;
				CLANG_WARN_UNREACHABLE_CODE = YES;
				CLANG_WARN__DUPLICATE_METHOD_MATCH = YES;
				COPY_PHASE_STRIP = YES;
				DEBUG_INFORMATION_FORMAT = "dwarf-with-dsym";
				ENABLE_NS_ASSERTIONS = NO;
				ENABLE_STRICT_OBJC_MSGSEND = YES;
				GCC_C_LANGUAGE_STANDARD = gnu99;
				GCC_WARN_64_TO_32_BIT_CONVERSION = YES;
				GCC_WARN_ABOUT_RETURN_TYPE = YES_ERROR;
				GCC_WARN_UNDECLARED_SELECTOR = YES;
				GCC_WARN_UNINITIALIZED_AUTOS = YES_AGGRESSIVE;
				GCC_WARN_UNUSED_FUNCTION = YES;
				GCC_WARN_UNUSED_VARIABLE = YES;
				MACOSX_DEPLOYMENT_TARGET = 10.9;
				MTL_ENABLE_DEBUG_INFO = NO;
				SDKROOT = macosx;
			};
			name = Release;
		};
		37CB8BD71BEB85A6001D0220 /* Debug */ = {
			isa = XCBuildConfiguration;
			buildSettings = {
				PRODUCT_NAME = "$(TARGET_NAME)";
			};
			name = Debug;
		};
		37CB8BD81BEB85A6001D0220 /* Release */ = {
			isa = XCBuildConfiguration;
			buildSettings = {
				PRODUCT_NAME = "$(TARGET_NAME)";
			};
			name = Release;
		};
/* End XCBuildConfiguration section */

/* Begin XCConfigurationList section */
		37CB8BCA1BEB85A6001D0220 /* Build configuration list for PBXProject "我的通讯录" */ = {
			isa = XCConfigurationList;
			buildConfigurations = (
				37CB8BD41BEB85A6001D0220 /* Debug */,
				37CB8BD51BEB85A6001D0220 /* Release */,
			);
			defaultConfigurationIsVisible = 0;
			defaultConfigurationName = Release;
		};
		37CB8BD61BEB85A6001D0220 /* Build configuration list for PBXNativeTarget "我的通讯录" */ = {
			isa = XCConfigurationList;
			buildConfigurations = (
				37CB8BD71BEB85A6001D0220 /* Debug */,
				37CB8BD81BEB85A6001D0220 /* Release */,
			);
			defaultConfigurationIsVisible = 0;
			defaultConfigurationName = Release;
		};
/* End XCConfigurationList section */
	};
	rootObject = 37CB8BC71BEB85A6001D0220 /* Project object */;
}
